
Microsoft Visual Studio Solution File, Format Version 12.00
# Visual Studio Version 17
VisualStudioVersion = 17.4.33213.308
MinimumVisualStudioVersion = 10.0.40219.1
Project("{FAE04EC0-301F-11D3-BF4B-00C04F79EFBC}") = "TextRedactor", "TextRedactor\TextRedactor.csproj", "{51781F1F-9B9B-486D-8028-A0F271494FDC}"
EndProject
Global
	GlobalSection(SolutionConfigurationPlatforms) = preSolution
		Debug|Any CPU = Debug|Any CPU
		Release|Any CPU = Release|Any CPU
	EndGlobalSection
	GlobalSection(ProjectConfigurationPlatforms) = postSolution
		{51781F1F-9B9B-486D-8028-A0F271494FDC}.Debug|Any CPU.ActiveCfg = Debug|Any CPU
		{51781F1F-9B9B-486D-8028-A0F271494FDC}.Debug|Any CPU.Build.0 = Debug|Any CPU
		{51781F1F-9B9B-486D-8028-A0F271494FDC}.Release|Any CPU.ActiveCfg = Release|Any CPU
		{51781F1F-9B9B-486D-8028-A0F271494FDC}.Release|Any CPU.Build.0 = Release|Any CPU
	EndGlobalSection
	GlobalSection(SolutionProperties) = preSolution
		HideSolutionNode = FALSE
	EndGlobalSection
	GlobalSection(ExtensibilityGlobals) = postSolution
		SolutionGuid = {0901A51C-9FF8-4A56-AE8D-7A4AED69FF89}
	EndGlobalSection
EndGlobal
